
Microsoft Visual Studio Solution File, Format Version 12.00
# Visual Studio Version 16
VisualStudioVersion = 16.0.29123.88
MinimumVisualStudioVersion = 10.0.40219.1
Project("{9A19103F-16F7-4668-BE54-9A1E7A4F7556}") = "OpenPhotoViewer.UI.Controls", "OpenPhotoViewer.UI.Controls\OpenPhotoViewer.UI.Controls.csproj", "{80BF734A-2424-4241-AD2E-3C6B455BA9FB}"
EndProject
Project("{FAE04EC0-301F-11D3-BF4B-00C04F79EFBC}") = "OpenPhotoViewer.UI", "OpenPhotoViewer.UI\OpenPhotoViewer.UI.csproj", "{BC953666-03D5-4AE7-A16E-D97256187BA0}"
EndProject
Global
	GlobalSection(SolutionConfigurationPlatforms) = preSolution
		Debug|Any CPU = Debug|Any CPU
		Release|Any CPU = Release|Any CPU
	EndGlobalSection
	GlobalSection(ProjectConfigurationPlatforms) = postSolution
		{80BF734A-2424-4241-AD2E-3C6B455BA9FB}.Debug|Any CPU.ActiveCfg = Debug|Any CPU
		{80BF734A-2424-4241-AD2E-3C6B455BA9FB}.Debug|Any CPU.Build.0 = Debug|Any CPU
		{80BF734A-2424-4241-AD2E-3C6B455BA9FB}.Release|Any CPU.ActiveCfg = Release|Any CPU
		{80BF734A-2424-4241-AD2E-3C6B455BA9FB}.Release|Any CPU.Build.0 = Release|Any CPU
		{BC953666-03D5-4AE7-A16E-D97256187BA0}.Debug|Any CPU.ActiveCfg = Debug|Any CPU
		{BC953666-03D5-4AE7-A16E-D97256187BA0}.Debug|Any CPU.Build.0 = Debug|Any CPU
		{BC953666-03D5-4AE7-A16E-D97256187BA0}.Release|Any CPU.ActiveCfg = Release|Any CPU
		{BC953666-03D5-4AE7-A16E-D97256187BA0}.Release|Any CPU.Build.0 = Release|Any CPU
	EndGlobalSection
	GlobalSection(SolutionProperties) = preSolution
		HideSolutionNode = FALSE
	EndGlobalSection
	GlobalSection(ExtensibilityGlobals) = postSolution
		SolutionGuid = {ADDC15AE-9694-4AF4-BCC8-03B6FB84AE65}
	EndGlobalSection
EndGlobal
